
Microsoft Visual Studio Solution File, Format Version 12.00
# Visual Studio Version 17
VisualStudioVersion = 17.14.36623.8 d17.14
MinimumVisualStudioVersion = 10.0.40219.1
Project("{FAE04EC0-301F-11D3-BF4B-00C04F79EFBC}") = "HospitalManagementSystem", "HospitalManagementSystem.csproj", "{480DFB73-0FE1-412A-8573-B99AF205A496}"
EndProject
Global
	GlobalSection(SolutionConfigurationPlatforms) = preSolution
		Debug|Any CPU = Debug|Any CPU
		Release|Any CPU = Release|Any CPU
	EndGlobalSection
	GlobalSection(ProjectConfigurationPlatforms) = postSolution
		{480DFB73-0FE1-412A-8573-B99AF205A496}.Debug|Any CPU.ActiveCfg = Debug|Any CPU
		{480DFB73-0FE1-412A-8573-B99AF205A496}.Debug|Any CPU.Build.0 = Debug|Any CPU
		{480DFB73-0FE1-412A-8573-B99AF205A496}.Release|Any CPU.ActiveCfg = Release|Any CPU
		{480DFB73-0FE1-412A-8573-B99AF205A496}.Release|Any CPU.Build.0 = Release|Any CPU
	EndGlobalSection
	GlobalSection(SolutionProperties) = preSolution
		HideSolutionNode = FALSE
	EndGlobalSection
	GlobalSection(ExtensibilityGlobals) = postSolution
		SolutionGuid = {EBB8C39E-28AF-45BD-9B8D-EB9B192F6E98}
	EndGlobalSection
EndGlobal
